
Microsoft Visual Studio Solution File, Format Version 12.00
# Visual Studio 15
VisualStudioVersion = 15.0.26228.9
MinimumVisualStudioVersion = 10.0.40219.1
Project("{FAE04EC0-301F-11D3-BF4B-00C04F79EFBC}") = "DataStorageManager", "DataStorageManager\DataStorageManager.csproj", "{8862B6A3-7FC9-41F8-BC42-F7FA6249CEC9}"
EndProject
Project("{FAE04EC0-301F-11D3-BF4B-00C04F79EFBC}") = "DataStorageManager.Integration.Tests", "DataStorageManager.Integration.Tests\DataStorageManager.Integration.Tests.csproj", "{097A4667-833C-4AC5-B44D-15B178115F0F}"
EndProject
Project("{FAE04EC0-301F-11D3-BF4B-00C04F79EFBC}") = "DataStorageManager.Tests", "DataStorageManager.Tests\DataStorageManager.Tests.csproj", "{E161EC6F-2CA5-44E2-864A-2C7591CF96C5}"
EndProject
Global
	GlobalSection(SolutionConfigurationPlatforms) = preSolution
		Debug|Any CPU = Debug|Any CPU
		Release|Any CPU = Release|Any CPU
	EndGlobalSection
	GlobalSection(ProjectConfigurationPlatforms) = postSolution
		{8862B6A3-7FC9-41F8-BC42-F7FA6249CEC9}.Debug|Any CPU.ActiveCfg = Debug|Any CPU
		{8862B6A3-7FC9-41F8-BC42-F7FA6249CEC9}.Debug|Any CPU.Build.0 = Debug|Any CPU
		{8862B6A3-7FC9-41F8-BC42-F7FA6249CEC9}.Release|Any CPU.ActiveCfg = Release|Any CPU
		{8862B6A3-7FC9-41F8-BC42-F7FA6249CEC9}.Release|Any CPU.Build.0 = Release|Any CPU
		{097A4667-833C-4AC5-B44D-15B178115F0F}.Debug|Any CPU.ActiveCfg = Debug|Any CPU
		{097A4667-833C-4AC5-B44D-15B178115F0F}.Debug|Any CPU.Build.0 = Debug|Any CPU
		{097A4667-833C-4AC5-B44D-15B178115F0F}.Release|Any CPU.ActiveCfg = Release|Any CPU
		{097A4667-833C-4AC5-B44D-15B178115F0F}.Release|Any CPU.Build.0 = Release|Any CPU
		{E161EC6F-2CA5-44E2-864A-2C7591CF96C5}.Debug|Any CPU.ActiveCfg = Debug|Any CPU
		{E161EC6F-2CA5-44E2-864A-2C7591CF96C5}.Debug|Any CPU.Build.0 = Debug|Any CPU
		{E161EC6F-2CA5-44E2-864A-2C7591CF96C5}.Release|Any CPU.ActiveCfg = Release|Any CPU
		{E161EC6F-2CA5-44E2-864A-2C7591CF96C5}.Release|Any CPU.Build.0 = Release|Any CPU
	EndGlobalSection
	GlobalSection(SolutionProperties) = preSolution
		HideSolutionNode = FALSE
	EndGlobalSection
EndGlobal
